
Microsoft Visual Studio Solution File, Format Version 12.00
# Visual Studio Version 17
VisualStudioVersion = 17.9.34714.143
MinimumVisualStudioVersion = 10.0.40219.1
Project("{FAE04EC0-301F-11D3-BF4B-00C04F79EFBC}") = "XakaToH2024", "XakaToH2024\XakaToH2024.csproj", "{24A0882B-D9FA-477C-951F-C5468EE01A13}"
EndProject
Global
	GlobalSection(SolutionConfigurationPlatforms) = preSolution
		Debug|Any CPU = Debug|Any CPU
		Release|Any CPU = Release|Any CPU
	EndGlobalSection
	GlobalSection(ProjectConfigurationPlatforms) = postSolution
		{24A0882B-D9FA-477C-951F-C5468EE01A13}.Debug|Any CPU.ActiveCfg = Debug|Any CPU
		{24A0882B-D9FA-477C-951F-C5468EE01A13}.Debug|Any CPU.Build.0 = Debug|Any CPU
		{24A0882B-D9FA-477C-951F-C5468EE01A13}.Release|Any CPU.ActiveCfg = Release|Any CPU
		{24A0882B-D9FA-477C-951F-C5468EE01A13}.Release|Any CPU.Build.0 = Release|Any CPU
	EndGlobalSection
	GlobalSection(SolutionProperties) = preSolution
		HideSolutionNode = FALSE
	EndGlobalSection
	GlobalSection(ExtensibilityGlobals) = postSolution
		SolutionGuid = {4AC92C3F-FDF2-4999-AF5C-B8B75BBA3A73}
	EndGlobalSection
EndGlobal
